
Microsoft Visual Studio Solution File, Format Version 12.00
# Visual Studio Version 17
VisualStudioVersion = 17.13.35825.156 d17.13
MinimumVisualStudioVersion = 10.0.40219.1
Project("{FAE04EC0-301F-11D3-BF4B-00C04F79EFBC}") = "Mortal Kombat", "Mortal Kombat.csproj", "{879F2205-5AB3-444B-B625-A96CBA8E9F17}"
EndProject
Global
	GlobalSection(SolutionConfigurationPlatforms) = preSolution
		Debug|Any CPU = Debug|Any CPU
		Release|Any CPU = Release|Any CPU
	EndGlobalSection
	GlobalSection(ProjectConfigurationPlatforms) = postSolution
		{879F2205-5AB3-444B-B625-A96CBA8E9F17}.Debug|Any CPU.ActiveCfg = Debug|Any CPU
		{879F2205-5AB3-444B-B625-A96CBA8E9F17}.Debug|Any CPU.Build.0 = Debug|Any CPU
		{879F2205-5AB3-444B-B625-A96CBA8E9F17}.Release|Any CPU.ActiveCfg = Release|Any CPU
		{879F2205-5AB3-444B-B625-A96CBA8E9F17}.Release|Any CPU.Build.0 = Release|Any CPU
	EndGlobalSection
	GlobalSection(SolutionProperties) = preSolution
		HideSolutionNode = FALSE
	EndGlobalSection
	GlobalSection(ExtensibilityGlobals) = postSolution
		SolutionGuid = {98115CF5-DFD6-46C9-ABA5-26E93A2FB3EF}
	EndGlobalSection
EndGlobal
