
Microsoft Visual Studio Solution File, Format Version 12.00
# Visual Studio Version 17
VisualStudioVersion = 17.13.35825.156 d17.13
MinimumVisualStudioVersion = 10.0.40219.1
Project("{FAE04EC0-301F-11D3-BF4B-00C04F79EFBC}") = "ado net", "ado net.csproj", "{219B46A7-EDA6-4B6A-87C0-C627480483ED}"
EndProject
Global
	GlobalSection(SolutionConfigurationPlatforms) = preSolution
		Debug|Any CPU = Debug|Any CPU
		Release|Any CPU = Release|Any CPU
	EndGlobalSection
	GlobalSection(ProjectConfigurationPlatforms) = postSolution
		{219B46A7-EDA6-4B6A-87C0-C627480483ED}.Debug|Any CPU.ActiveCfg = Debug|Any CPU
		{219B46A7-EDA6-4B6A-87C0-C627480483ED}.Debug|Any CPU.Build.0 = Debug|Any CPU
		{219B46A7-EDA6-4B6A-87C0-C627480483ED}.Release|Any CPU.ActiveCfg = Release|Any CPU
		{219B46A7-EDA6-4B6A-87C0-C627480483ED}.Release|Any CPU.Build.0 = Release|Any CPU
	EndGlobalSection
	GlobalSection(SolutionProperties) = preSolution
		HideSolutionNode = FALSE
	EndGlobalSection
	GlobalSection(ExtensibilityGlobals) = postSolution
		SolutionGuid = {75B762A9-16AE-4A30-8407-54C12ED5FC55}
	EndGlobalSection
EndGlobal
