
Microsoft Visual Studio Solution File, Format Version 12.00
# Visual Studio Version 17
VisualStudioVersion = 17.13.35825.156 d17.13
MinimumVisualStudioVersion = 10.0.40219.1
Project("{FAE04EC0-301F-11D3-BF4B-00C04F79EFBC}") = "Calculator", "Calculator.csproj", "{4040BD59-B29E-4B92-A9B8-2BB032AB8477}"
EndProject
Global
	GlobalSection(SolutionConfigurationPlatforms) = preSolution
		Debug|Any CPU = Debug|Any CPU
		Release|Any CPU = Release|Any CPU
	EndGlobalSection
	GlobalSection(ProjectConfigurationPlatforms) = postSolution
		{4040BD59-B29E-4B92-A9B8-2BB032AB8477}.Debug|Any CPU.ActiveCfg = Debug|Any CPU
		{4040BD59-B29E-4B92-A9B8-2BB032AB8477}.Debug|Any CPU.Build.0 = Debug|Any CPU
		{4040BD59-B29E-4B92-A9B8-2BB032AB8477}.Release|Any CPU.ActiveCfg = Release|Any CPU
		{4040BD59-B29E-4B92-A9B8-2BB032AB8477}.Release|Any CPU.Build.0 = Release|Any CPU
	EndGlobalSection
	GlobalSection(SolutionProperties) = preSolution
		HideSolutionNode = FALSE
	EndGlobalSection
	GlobalSection(ExtensibilityGlobals) = postSolution
		SolutionGuid = {969A3FF1-F3B8-401A-8892-661B7F574C86}
	EndGlobalSection
EndGlobal
