
Microsoft Visual Studio Solution File, Format Version 12.00
# Visual Studio Version 17
VisualStudioVersion = 17.14.36414.22 d17.14
MinimumVisualStudioVersion = 10.0.40219.1
Project("{FAE04EC0-301F-11D3-BF4B-00C04F79EFBC}") = "Async-Await", "Async-Await.csproj", "{FF1DA24F-D7A6-4731-BE83-0429BFB4A3DD}"
EndProject
Global
	GlobalSection(SolutionConfigurationPlatforms) = preSolution
		Debug|Any CPU = Debug|Any CPU
		Release|Any CPU = Release|Any CPU
	EndGlobalSection
	GlobalSection(ProjectConfigurationPlatforms) = postSolution
		{FF1DA24F-D7A6-4731-BE83-0429BFB4A3DD}.Debug|Any CPU.ActiveCfg = Debug|Any CPU
		{FF1DA24F-D7A6-4731-BE83-0429BFB4A3DD}.Debug|Any CPU.Build.0 = Debug|Any CPU
		{FF1DA24F-D7A6-4731-BE83-0429BFB4A3DD}.Release|Any CPU.ActiveCfg = Release|Any CPU
		{FF1DA24F-D7A6-4731-BE83-0429BFB4A3DD}.Release|Any CPU.Build.0 = Release|Any CPU
	EndGlobalSection
	GlobalSection(SolutionProperties) = preSolution
		HideSolutionNode = FALSE
	EndGlobalSection
	GlobalSection(ExtensibilityGlobals) = postSolution
		SolutionGuid = {0A217F62-927F-4679-92C1-5A8613DD536E}
	EndGlobalSection
EndGlobal
