
Microsoft Visual Studio Solution File, Format Version 12.00
# Visual Studio Version 17
VisualStudioVersion = 17.14.36414.22 d17.14
MinimumVisualStudioVersion = 10.0.40219.1
Project("{FAE04EC0-301F-11D3-BF4B-00C04F79EFBC}") = "Attribute", "Attribute.csproj", "{325A2972-6875-4599-8349-D87E15F80883}"
EndProject
Global
	GlobalSection(SolutionConfigurationPlatforms) = preSolution
		Debug|Any CPU = Debug|Any CPU
		Release|Any CPU = Release|Any CPU
	EndGlobalSection
	GlobalSection(ProjectConfigurationPlatforms) = postSolution
		{325A2972-6875-4599-8349-D87E15F80883}.Debug|Any CPU.ActiveCfg = Debug|Any CPU
		{325A2972-6875-4599-8349-D87E15F80883}.Debug|Any CPU.Build.0 = Debug|Any CPU
		{325A2972-6875-4599-8349-D87E15F80883}.Release|Any CPU.ActiveCfg = Release|Any CPU
		{325A2972-6875-4599-8349-D87E15F80883}.Release|Any CPU.Build.0 = Release|Any CPU
	EndGlobalSection
	GlobalSection(SolutionProperties) = preSolution
		HideSolutionNode = FALSE
	EndGlobalSection
	GlobalSection(ExtensibilityGlobals) = postSolution
		SolutionGuid = {A931E6ED-4BC7-42F4-99AD-C8543D5CB265}
	EndGlobalSection
EndGlobal
